
Microsoft Visual Studio Solution File, Format Version 12.00
# Visual Studio Version 17
VisualStudioVersion = 17.4.33213.308
MinimumVisualStudioVersion = 10.0.40219.1
Project("{FAE04EC0-301F-11D3-BF4B-00C04F79EFBC}") = "Ej3ComprobarFichero", "Ej3ComprobarFichero\Ej3ComprobarFichero.csproj", "{CC193A6E-360B-41D1-B973-58FF3F8F27E7}"
EndProject
Global
	GlobalSection(SolutionConfigurationPlatforms) = preSolution
		Debug|Any CPU = Debug|Any CPU
		Release|Any CPU = Release|Any CPU
	EndGlobalSection
	GlobalSection(ProjectConfigurationPlatforms) = postSolution
		{CC193A6E-360B-41D1-B973-58FF3F8F27E7}.Debug|Any CPU.ActiveCfg = Debug|Any CPU
		{CC193A6E-360B-41D1-B973-58FF3F8F27E7}.Debug|Any CPU.Build.0 = Debug|Any CPU
		{CC193A6E-360B-41D1-B973-58FF3F8F27E7}.Release|Any CPU.ActiveCfg = Release|Any CPU
		{CC193A6E-360B-41D1-B973-58FF3F8F27E7}.Release|Any CPU.Build.0 = Release|Any CPU
	EndGlobalSection
	GlobalSection(SolutionProperties) = preSolution
		HideSolutionNode = FALSE
	EndGlobalSection
	GlobalSection(ExtensibilityGlobals) = postSolution
		SolutionGuid = {88C82CC5-76FE-4133-8B07-FB646E576725}
	EndGlobalSection
EndGlobal
